
Microsoft Visual Studio Solution File, Format Version 12.00
# Visual Studio Version 17
VisualStudioVersion = 17.3.32804.467
MinimumVisualStudioVersion = 10.0.40219.1
Project("{FAE04EC0-301F-11D3-BF4B-00C04F79EFBC}") = "notes-app", "notes-app.csproj", "{578B5153-A6DD-4A65-8224-93A66804ACDF}"
EndProject
Global
	GlobalSection(SolutionConfigurationPlatforms) = preSolution
		Debug|Any CPU = Debug|Any CPU
		Release|Any CPU = Release|Any CPU
	EndGlobalSection
	GlobalSection(ProjectConfigurationPlatforms) = postSolution
		{578B5153-A6DD-4A65-8224-93A66804ACDF}.Debug|Any CPU.ActiveCfg = Debug|Any CPU
		{578B5153-A6DD-4A65-8224-93A66804ACDF}.Debug|Any CPU.Build.0 = Debug|Any CPU
		{578B5153-A6DD-4A65-8224-93A66804ACDF}.Release|Any CPU.ActiveCfg = Release|Any CPU
		{578B5153-A6DD-4A65-8224-93A66804ACDF}.Release|Any CPU.Build.0 = Release|Any CPU
	EndGlobalSection
	GlobalSection(SolutionProperties) = preSolution
		HideSolutionNode = FALSE
	EndGlobalSection
	GlobalSection(ExtensibilityGlobals) = postSolution
		SolutionGuid = {8BB77527-4C47-4C15-AB9C-2CDCC8BB700C}
	EndGlobalSection
EndGlobal
